
Microsoft Visual Studio Solution File, Format Version 12.00
# Visual Studio Version 17
VisualStudioVersion = 17.11.35208.52
MinimumVisualStudioVersion = 10.0.40219.1
Project("{9A19103F-16F7-4668-BE54-9A1E7A4F7556}") = "MathGame.YukiUchima", "MathGame\MathGame.YukiUchima.csproj", "{019BECFB-8378-4B71-A68C-0C8B38DFBD43}"
EndProject
Global
	GlobalSection(SolutionConfigurationPlatforms) = preSolution
		Debug|Any CPU = Debug|Any CPU
		Release|Any CPU = Release|Any CPU
	EndGlobalSection
	GlobalSection(ProjectConfigurationPlatforms) = postSolution
		{019BECFB-8378-4B71-A68C-0C8B38DFBD43}.Debug|Any CPU.ActiveCfg = Debug|Any CPU
		{019BECFB-8378-4B71-A68C-0C8B38DFBD43}.Debug|Any CPU.Build.0 = Debug|Any CPU
		{019BECFB-8378-4B71-A68C-0C8B38DFBD43}.Release|Any CPU.ActiveCfg = Release|Any CPU
		{019BECFB-8378-4B71-A68C-0C8B38DFBD43}.Release|Any CPU.Build.0 = Release|Any CPU
	EndGlobalSection
	GlobalSection(SolutionProperties) = preSolution
		HideSolutionNode = FALSE
	EndGlobalSection
	GlobalSection(ExtensibilityGlobals) = postSolution
		SolutionGuid = {7853882F-E2BD-459D-8A55-62C5900A1000}
	EndGlobalSection
EndGlobal
