
Microsoft Visual Studio Solution File, Format Version 12.00
# Visual Studio Version 17
VisualStudioVersion = 17.11.35208.52
MinimumVisualStudioVersion = 10.0.40219.1
Project("{9A19103F-16F7-4668-BE54-9A1E7A4F7556}") = "Calculator.YukiUchima", "Calculator.YukiUchima.csproj", "{DACAB515-CDCF-450B-9DF5-64E57787B029}"
EndProject
Project("{FAE04EC0-301F-11D3-BF4B-00C04F79EFBC}") = "CalculatorLibrary", "..\CalculatorLibrary\CalculatorLibrary.csproj", "{97FD3271-F778-40A6-AC98-16D6CF4DE150}"
EndProject
Global
	GlobalSection(SolutionConfigurationPlatforms) = preSolution
		Debug|Any CPU = Debug|Any CPU
		Release|Any CPU = Release|Any CPU
	EndGlobalSection
	GlobalSection(ProjectConfigurationPlatforms) = postSolution
		{DACAB515-CDCF-450B-9DF5-64E57787B029}.Debug|Any CPU.ActiveCfg = Debug|Any CPU
		{DACAB515-CDCF-450B-9DF5-64E57787B029}.Debug|Any CPU.Build.0 = Debug|Any CPU
		{DACAB515-CDCF-450B-9DF5-64E57787B029}.Release|Any CPU.ActiveCfg = Release|Any CPU
		{DACAB515-CDCF-450B-9DF5-64E57787B029}.Release|Any CPU.Build.0 = Release|Any CPU
		{97FD3271-F778-40A6-AC98-16D6CF4DE150}.Debug|Any CPU.ActiveCfg = Debug|Any CPU
		{97FD3271-F778-40A6-AC98-16D6CF4DE150}.Debug|Any CPU.Build.0 = Debug|Any CPU
		{97FD3271-F778-40A6-AC98-16D6CF4DE150}.Release|Any CPU.ActiveCfg = Release|Any CPU
		{97FD3271-F778-40A6-AC98-16D6CF4DE150}.Release|Any CPU.Build.0 = Release|Any CPU
	EndGlobalSection
	GlobalSection(SolutionProperties) = preSolution
		HideSolutionNode = FALSE
	EndGlobalSection
	GlobalSection(ExtensibilityGlobals) = postSolution
		SolutionGuid = {B676316D-29DB-48C2-8370-DA9A1519C2A4}
	EndGlobalSection
EndGlobal
